// !$*UTF8*$!
{
	archiveVersion = 1;
	classes = {
	};
	objectVersion = 46;
	objects = {

/* Begin PBXBuildFile section */
		8423849E1ADD7B5B00F10CC1 /* MainMenu.m in Sources */ = {isa = PBXBuildFile; fileRef = 8423849D1ADD7B5B00F10CC1 /* MainMenu.m */; };
		844180491AE7B1C200B69731 /* bg_music.mp3 in Resources */ = {isa = PBXBuildFile; fileRef = 844180481AE7B1C200B69731 /* bg_music.mp3 */; };
		84734FB91ADC07E400878D04 /* SoundManager.m in Sources */ = {isa = PBXBuildFile; fileRef = 84734FB81ADC07E400878D04 /* SoundManager.m */; };
		847E623B1AA9FE7000232A75 /* main.m in Sources */ = {isa = PBXBuildFile; fileRef = 847E623A1AA9FE7000232A75 /* main.m */; };
		847E623E1AA9FE7000232A75 /* AppDelegate.m in Sources */ = {isa = PBXBuildFile; fileRef = 847E623D1AA9FE7000232A75 /* AppDelegate.m */; };
		847E62411AA9FE7000232A75 /* GameScene.m in Sources */ = {isa = PBXBuildFile; fileRef = 847E62401AA9FE7000232A75 /* GameScene.m */; };
		847E62431AA9FE7000232A75 /* GameScene.sks in Resources */ = {isa = PBXBuildFile; fileRef = 847E62421AA9FE7000232A75 /* GameScene.sks */; };
		847E62461AA9FE7000232A75 /* GameViewController.m in Sources */ = {isa = PBXBuildFile; fileRef = 847E62451AA9FE7000232A75 /* GameViewController.m */; };
		847E62491AA9FE7000232A75 /* Main.storyboard in Resources */ = {isa = PBXBuildFile; fileRef = 847E62471AA9FE7000232A75 /* Main.storyboard */; };
		847E624B1AA9FE7000232A75 /* Images.xcassets in Resources */ = {isa = PBXBuildFile; fileRef = 847E624A1AA9FE7000232A75 /* Images.xcassets */; };
		847E624E1AA9FE7000232A75 /* LaunchScreen.xib in Resources */ = {isa = PBXBuildFile; fileRef = 847E624C1AA9FE7000232A75 /* LaunchScreen.xib */; };
		847E625A1AA9FE7000232A75 /* PoolTests.m in Sources */ = {isa = PBXBuildFile; fileRef = 847E62591AA9FE7000232A75 /* PoolTests.m */; };
		84882E761AE4DEC80056082F /* SettingsMenu.m in Sources */ = {isa = PBXBuildFile; fileRef = 84882E751AE4DEC80056082F /* SettingsMenu.m */; };
		84A230731AD70B810078B74C /* TextureManager.m in Sources */ = {isa = PBXBuildFile; fileRef = 84A230721AD70B810078B74C /* TextureManager.m */; };
		84B3F8251AE7FE6F007B809C /* Player.m in Sources */ = {isa = PBXBuildFile; fileRef = 84B3F8241AE7FE6F007B809C /* Player.m */; };
		84B3F8281AE802AA007B809C /* MultiPlayerGameScene.m in Sources */ = {isa = PBXBuildFile; fileRef = 84B3F8271AE802AA007B809C /* MultiPlayerGameScene.m */; };
		84C364281AD00E33007D98C7 /* images.atlas in Resources */ = {isa = PBXBuildFile; fileRef = 84C364271AD00E33007D98C7 /* images.atlas */; };
		84C3642F1AD00F40007D98C7 /* Ball.wav in Resources */ = {isa = PBXBuildFile; fileRef = 84C3642A1AD00F40007D98C7 /* Ball.wav */; };
		84C364301AD00F40007D98C7 /* Edge.wav in Resources */ = {isa = PBXBuildFile; fileRef = 84C3642B1AD00F40007D98C7 /* Edge.wav */; };
		84C364311AD00F40007D98C7 /* Fall.wav in Resources */ = {isa = PBXBuildFile; fileRef = 84C3642C1AD00F40007D98C7 /* Fall.wav */; };
		84C364321AD00F40007D98C7 /* Shot01.wav in Resources */ = {isa = PBXBuildFile; fileRef = 84C3642D1AD00F40007D98C7 /* Shot01.wav */; };
		84C364331AD00F40007D98C7 /* Shot02.wav in Resources */ = {isa = PBXBuildFile; fileRef = 84C3642E1AD00F40007D98C7 /* Shot02.wav */; };
		84E16BC41AE57C4A0048764F /* SettingsManager.m in Sources */ = {isa = PBXBuildFile; fileRef = 84E16BC31AE57C4A0048764F /* SettingsManager.m */; };
/* End PBXBuildFile section */

/* Begin PBXContainerItemProxy section */
		847E62541AA9FE7000232A75 /* PBXContainerItemProxy */ = {
			isa = PBXContainerItemProxy;
			containerPortal = 847E622D1AA9FE7000232A75 /* Project object */;
			proxyType = 1;
			remoteGlobalIDString = 847E62341AA9FE7000232A75;
			remoteInfo = Pool;
		};
/* End PBXContainerItemProxy section */

/* Begin PBXFileReference section */
		8423849C1ADD7B5B00F10CC1 /* MainMenu.h */ = {isa = PBXFileReference; fileEncoding = 4; lastKnownFileType = sourcecode.c.h; path = MainMenu.h; sourceTree = "<group>"; };
		8423849D1ADD7B5B00F10CC1 /* MainMenu.m */ = {isa = PBXFileReference; fileEncoding = 4; lastKnownFileType = sourcecode.c.objc; path = MainMenu.m; sourceTree = "<group>"; };
		844180481AE7B1C200B69731 /* bg_music.mp3 */ = {isa = PBXFileReference; lastKnownFileType = audio.mp3; path = bg_music.mp3; sourceTree = "<group>"; };
		84734FB71ADC07E400878D04 /* SoundManager.h */ = {isa = PBXFileReference; fileEncoding = 4; lastKnownFileType = sourcecode.c.h; path = SoundManager.h; sourceTree = "<group>"; };
		84734FB81ADC07E400878D04 /* SoundManager.m */ = {isa = PBXFileReference; fileEncoding = 4; lastKnownFileType = sourcecode.c.objc; path = SoundManager.m; sourceTree = "<group>"; };
		847E62351AA9FE7000232A75 /* Pool.app */ = {isa = PBXFileReference; explicitFileType = wrapper.application; includeInIndex = 0; path = Pool.app; sourceTree = BUILT_PRODUCTS_DIR; };
		847E62391AA9FE7000232A75 /* Info.plist */ = {isa = PBXFileReference; lastKnownFileType = text.plist.xml; path = Info.plist; sourceTree = "<group>"; };
		847E623A1AA9FE7000232A75 /* main.m */ = {isa = PBXFileReference; lastKnownFileType = sourcecode.c.objc; path = main.m; sourceTree = "<group>"; };
		847E623C1AA9FE7000232A75 /* AppDelegate.h */ = {isa = PBXFileReference; lastKnownFileType = sourcecode.c.h; path = AppDelegate.h; sourceTree = "<group>"; };
		847E623D1AA9FE7000232A75 /* AppDelegate.m */ = {isa = PBXFileReference; lastKnownFileType = sourcecode.c.objc; path = AppDelegate.m; sourceTree = "<group>"; };
		847E623F1AA9FE7000232A75 /* GameScene.h */ = {isa = PBXFileReference; lastKnownFileType = sourcecode.c.h; path = GameScene.h; sourceTree = "<group>"; };
		847E62401AA9FE7000232A75 /* GameScene.m */ = {isa = PBXFileReference; lastKnownFileType = sourcecode.c.objc; path = GameScene.m; sourceTree = "<group>"; };
		847E62421AA9FE7000232A75 /* GameScene.sks */ = {isa = PBXFileReference; lastKnownFileType = file.sks; path = GameScene.sks; sourceTree = "<group>"; };
		847E62441AA9FE7000232A75 /* GameViewController.h */ = {isa = PBXFileReference; lastKnownFileType = sourcecode.c.h; path = GameViewController.h; sourceTree = "<group>"; };
		847E62451AA9FE7000232A75 /* GameViewController.m */ = {isa = PBXFileReference; lastKnownFileType = sourcecode.c.objc; path = GameViewController.m; sourceTree = "<group>"; };
		847E62481AA9FE7000232A75 /* Base */ = {isa = PBXFileReference; lastKnownFileType = file.storyboard; name = Base; path = Base.lproj/Main.storyboard; sourceTree = "<group>"; };
		847E624A1AA9FE7000232A75 /* Images.xcassets */ = {isa = PBXFileReference; lastKnownFileType = folder.assetcatalog; path = Images.xcassets; sourceTree = "<group>"; };
		847E624D1AA9FE7000232A75 /* Base */ = {isa = PBXFileReference; lastKnownFileType = file.xib; name = Base; path = Base.lproj/LaunchScreen.xib; sourceTree = "<group>"; };
		847E62531AA9FE7000232A75 /* PoolTests.xctest */ = {isa = PBXFileReference; explicitFileType = wrapper.cfbundle; includeInIndex = 0; path = PoolTests.xctest; sourceTree = BUILT_PRODUCTS_DIR; };
		847E62581AA9FE7000232A75 /* Info.plist */ = {isa = PBXFileReference; lastKnownFileType = text.plist.xml; path = Info.plist; sourceTree = "<group>"; };
		847E62591AA9FE7000232A75 /* PoolTests.m */ = {isa = PBXFileReference; lastKnownFileType = sourcecode.c.objc; path = PoolTests.m; sourceTree = "<group>"; };
		84882E741AE4DEC80056082F /* SettingsMenu.h */ = {isa = PBXFileReference; fileEncoding = 4; lastKnownFileType = sourcecode.c.h; path = SettingsMenu.h; sourceTree = "<group>"; };
		84882E751AE4DEC80056082F /* SettingsMenu.m */ = {isa = PBXFileReference; fileEncoding = 4; lastKnownFileType = sourcecode.c.objc; path = SettingsMenu.m; sourceTree = "<group>"; };
		84A230711AD70B810078B74C /* TextureManager.h */ = {isa = PBXFileReference; fileEncoding = 4; lastKnownFileType = sourcecode.c.h; path = TextureManager.h; sourceTree = "<group>"; };
		84A230721AD70B810078B74C /* TextureManager.m */ = {isa = PBXFileReference; fileEncoding = 4; lastKnownFileType = sourcecode.c.objc; path = TextureManager.m; sourceTree = "<group>"; };
		84B3F8231AE7FE6F007B809C /* Player.h */ = {isa = PBXFileReference; fileEncoding = 4; lastKnownFileType = sourcecode.c.h; path = Player.h; sourceTree = "<group>"; };
		84B3F8241AE7FE6F007B809C /* Player.m */ = {isa = PBXFileReference; fileEncoding = 4; lastKnownFileType = sourcecode.c.objc; path = Player.m; sourceTree = "<group>"; };
		84B3F8261AE802AA007B809C /* MultiPlayerGameScene.h */ = {isa = PBXFileReference; fileEncoding = 4; lastKnownFileType = sourcecode.c.h; path = MultiPlayerGameScene.h; sourceTree = "<group>"; };
		84B3F8271AE802AA007B809C /* MultiPlayerGameScene.m */ = {isa = PBXFileReference; fileEncoding = 4; lastKnownFileType = sourcecode.c.objc; path = MultiPlayerGameScene.m; sourceTree = "<group>"; };
		84C364271AD00E33007D98C7 /* images.atlas */ = {isa = PBXFileReference; lastKnownFileType = folder.skatlas; path = images.atlas; sourceTree = "<group>"; };
		84C3642A1AD00F40007D98C7 /* Ball.wav */ = {isa = PBXFileReference; lastKnownFileType = audio.wav; path = Ball.wav; sourceTree = "<group>"; };
		84C3642B1AD00F40007D98C7 /* Edge.wav */ = {isa = PBXFileReference; lastKnownFileType = audio.wav; path = Edge.wav; sourceTree = "<group>"; };
		84C3642C1AD00F40007D98C7 /* Fall.wav */ = {isa = PBXFileReference; lastKnownFileType = audio.wav; path = Fall.wav; sourceTree = "<group>"; };
		84C3642D1AD00F40007D98C7 /* Shot01.wav */ = {isa = PBXFileReference; lastKnownFileType = audio.wav; path = Shot01.wav; sourceTree = "<group>"; };
		84C3642E1AD00F40007D98C7 /* Shot02.wav */ = {isa = PBXFileReference; lastKnownFileType = audio.wav; path = Shot02.wav; sourceTree = "<group>"; };
		84E16BC21AE57C4A0048764F /* SettingsManager.h */ = {isa = PBXFileReference; fileEncoding = 4; lastKnownFileType = sourcecode.c.h; path = SettingsManager.h; sourceTree = "<group>"; };
		84E16BC31AE57C4A0048764F /* SettingsManager.m */ = {isa = PBXFileReference; fileEncoding = 4; lastKnownFileType = sourcecode.c.objc; path = SettingsManager.m; sourceTree = "<group>"; };
/* End PBXFileReference section */

/* Begin PBXFrameworksBuildPhase section */
		847E62321AA9FE7000232A75 /* Frameworks */ = {
			isa = PBXFrameworksBuildPhase;
			buildActionMask = 2147483647;
			files = (
			);
			runOnlyForDeploymentPostprocessing = 0;
		};
		847E62501AA9FE7000232A75 /* Frameworks */ = {
			isa = PBXFrameworksBuildPhase;
			buildActionMask = 2147483647;
			files = (
			);
			runOnlyForDeploymentPostprocessing = 0;
		};
/* End PBXFrameworksBuildPhase section */

/* Begin PBXGroup section */
		847E622C1AA9FE7000232A75 = {
			isa = PBXGroup;
			children = (
				847E62371AA9FE7000232A75 /* Pool */,
				847E62561AA9FE7000232A75 /* PoolTests */,
				847E62361AA9FE7000232A75 /* Products */,
			);
			sourceTree = "<group>";
		};
		847E62361AA9FE7000232A75 /* Products */ = {
			isa = PBXGroup;
			children = (
				847E62351AA9FE7000232A75 /* Pool.app */,
				847E62531AA9FE7000232A75 /* PoolTests.xctest */,
			);
			name = Products;
			sourceTree = "<group>";
		};
		847E62371AA9FE7000232A75 /* Pool */ = {
			isa = PBXGroup;
			children = (
				84D9145D1ADC27AC0082E64B /* Managers */,
				847E623C1AA9FE7000232A75 /* AppDelegate.h */,
				847E623D1AA9FE7000232A75 /* AppDelegate.m */,
				84B3F8231AE7FE6F007B809C /* Player.h */,
				84B3F8241AE7FE6F007B809C /* Player.m */,
				8423849C1ADD7B5B00F10CC1 /* MainMenu.h */,
				8423849D1ADD7B5B00F10CC1 /* MainMenu.m */,
				84882E741AE4DEC80056082F /* SettingsMenu.h */,
				84882E751AE4DEC80056082F /* SettingsMenu.m */,
				847E623F1AA9FE7000232A75 /* GameScene.h */,
				847E62401AA9FE7000232A75 /* GameScene.m */,
				84B3F8261AE802AA007B809C /* MultiPlayerGameScene.h */,
				84B3F8271AE802AA007B809C /* MultiPlayerGameScene.m */,
				847E62441AA9FE7000232A75 /* GameViewController.h */,
				847E62451AA9FE7000232A75 /* GameViewController.m */,
				847E62421AA9FE7000232A75 /* GameScene.sks */,
				847E62471AA9FE7000232A75 /* Main.storyboard */,
				847E624A1AA9FE7000232A75 /* Images.xcassets */,
				847E624C1AA9FE7000232A75 /* LaunchScreen.xib */,
				84D9145C1ADC277E0082E64B /* Resources */,
				847E62381AA9FE7000232A75 /* Supporting Files */,
			);
			path = Pool;
			sourceTree = "<group>";
		};
		847E62381AA9FE7000232A75 /* Supporting Files */ = {
			isa = PBXGroup;
			children = (
				847E62391AA9FE7000232A75 /* Info.plist */,
				847E623A1AA9FE7000232A75 /* main.m */,
			);
			name = "Supporting Files";
			sourceTree = "<group>";
		};
		847E62561AA9FE7000232A75 /* PoolTests */ = {
			isa = PBXGroup;
			children = (
				847E62591AA9FE7000232A75 /* PoolTests.m */,
				847E62571AA9FE7000232A75 /* Supporting Files */,
			);
			path = PoolTests;
			sourceTree = "<group>";
		};
		847E62571AA9FE7000232A75 /* Supporting Files */ = {
			isa = PBXGroup;
			children = (
				847E62581AA9FE7000232A75 /* Info.plist */,
			);
			name = "Supporting Files";
			sourceTree = "<group>";
		};
		84C364291AD00F40007D98C7 /* Sounds */ = {
			isa = PBXGroup;
			children = (
				84C3642A1AD00F40007D98C7 /* Ball.wav */,
				84C3642B1AD00F40007D98C7 /* Edge.wav */,
				84C3642C1AD00F40007D98C7 /* Fall.wav */,
				84C3642D1AD00F40007D98C7 /* Shot01.wav */,
				84C3642E1AD00F40007D98C7 /* Shot02.wav */,
				844180481AE7B1C200B69731 /* bg_music.mp3 */,
			);
			path = Sounds;
			sourceTree = "<group>";
		};
		84D9145C1ADC277E0082E64B /* Resources */ = {
			isa = PBXGroup;
			children = (
				84C364291AD00F40007D98C7 /* Sounds */,
				84C364271AD00E33007D98C7 /* images.atlas */,
			);
			name = Resources;
			sourceTree = "<group>";
		};
		84D9145D1ADC27AC0082E64B /* Managers */ = {
			isa = PBXGroup;
			children = (
				84A230711AD70B810078B74C /* TextureManager.h */,
				84A230721AD70B810078B74C /* TextureManager.m */,
				84734FB71ADC07E400878D04 /* SoundManager.h */,
				84734FB81ADC07E400878D04 /* SoundManager.m */,
				84E16BC21AE57C4A0048764F /* SettingsManager.h */,
				84E16BC31AE57C4A0048764F /* SettingsManager.m */,
			);
			name = Managers;
			sourceTree = "<group>";
		};
/* End PBXGroup section */

/* Begin PBXNativeTarget section */
		847E62341AA9FE7000232A75 /* Pool */ = {
			isa = PBXNativeTarget;
			buildConfigurationList = 847E625D1AA9FE7000232A75 /* Build configuration list for PBXNativeTarget "Pool" */;
			buildPhases = (
				847E62311AA9FE7000232A75 /* Sources */,
				847E62321AA9FE7000232A75 /* Frameworks */,
				847E62331AA9FE7000232A75 /* Resources */,
			);
			buildRules = (
			);
			dependencies = (
			);
			name = Pool;
			productName = Pool;
			productReference = 847E62351AA9FE7000232A75 /* Pool.app */;
			productType = "com.apple.product-type.application";
		};
		847E62521AA9FE7000232A75 /* PoolTests */ = {
			isa = PBXNativeTarget;
			buildConfigurationList = 847E62601AA9FE7000232A75 /* Build configuration list for PBXNativeTarget "PoolTests" */;
			buildPhases = (
				847E624F1AA9FE7000232A75 /* Sources */,
				847E62501AA9FE7000232A75 /* Frameworks */,
				847E62511AA9FE7000232A75 /* Resources */,
			);
			buildRules = (
			);
			dependencies = (
				847E62551AA9FE7000232A75 /* PBXTargetDependency */,
			);
			name = PoolTests;
			productName = PoolTests;
			productReference = 847E62531AA9FE7000232A75 /* PoolTests.xctest */;
			productType = "com.apple.product-type.bundle.unit-test";
		};
/* End PBXNativeTarget section */

/* Begin PBXProject section */
		847E622D1AA9FE7000232A75 /* Project object */ = {
			isa = PBXProject;
			attributes = {
				LastUpgradeCheck = 0610;
				ORGANIZATIONNAME = Billy;
				TargetAttributes = {
					847E62341AA9FE7000232A75 = {
						CreatedOnToolsVersion = 6.1.1;
					};
					847E62521AA9FE7000232A75 = {
						CreatedOnToolsVersion = 6.1.1;
						TestTargetID = 847E62341AA9FE7000232A75;
					};
				};
			};
			buildConfigurationList = 847E62301AA9FE7000232A75 /* Build configuration list for PBXProject "Pool" */;
			compatibilityVersion = "Xcode 3.2";
			developmentRegion = English;
			hasScannedForEncodings = 0;
			knownRegions = (
				en,
				Base,
			);
			mainGroup = 847E622C1AA9FE7000232A75;
			productRefGroup = 847E62361AA9FE7000232A75 /* Products */;
			projectDirPath = "";
			projectRoot = "";
			targets = (
				847E62341AA9FE7000232A75 /* Pool */,
				847E62521AA9FE7000232A75 /* PoolTests */,
			);
		};
/* End PBXProject section */

/* Begin PBXResourcesBuildPhase section */
		847E62331AA9FE7000232A75 /* Resources */ = {
			isa = PBXResourcesBuildPhase;
			buildActionMask = 2147483647;
			files = (
				847E624E1AA9FE7000232A75 /* LaunchScreen.xib in Resources */,
				84C364321AD00F40007D98C7 /* Shot01.wav in Resources */,
				84C364301AD00F40007D98C7 /* Edge.wav in Resources */,
				84C3642F1AD00F40007D98C7 /* Ball.wav in Resources */,
				84C364311AD00F40007D98C7 /* Fall.wav in Resources */,
				844180491AE7B1C200B69731 /* bg_music.mp3 in Resources */,
				84C364281AD00E33007D98C7 /* images.atlas in Resources */,
				847E624B1AA9FE7000232A75 /* Images.xcassets in Resources */,
				847E62431AA9FE7000232A75 /* GameScene.sks in Resources */,
				84C364331AD00F40007D98C7 /* Shot02.wav in Resources */,
				847E62491AA9FE7000232A75 /* Main.storyboard in Resources */,
			);
			runOnlyForDeploymentPostprocessing = 0;
		};
		847E62511AA9FE7000232A75 /* Resources */ = {
			isa = PBXResourcesBuildPhase;
			buildActionMask = 2147483647;
			files = (
			);
			runOnlyForDeploymentPostprocessing = 0;
		};
/* End PBXResourcesBuildPhase section */

/* Begin PBXSourcesBuildPhase section */
		847E62311AA9FE7000232A75 /* Sources */ = {
			isa = PBXSourcesBuildPhase;
			buildActionMask = 2147483647;
			files = (
				8423849E1ADD7B5B00F10CC1 /* MainMenu.m in Sources */,
				84E16BC41AE57C4A0048764F /* SettingsManager.m in Sources */,
				847E62461AA9FE7000232A75 /* GameViewController.m in Sources */,
				847E623E1AA9FE7000232A75 /* AppDelegate.m in Sources */,
				84B3F8251AE7FE6F007B809C /* Player.m in Sources */,
				847E62411AA9FE7000232A75 /* GameScene.m in Sources */,
				84B3F8281AE802AA007B809C /* MultiPlayerGameScene.m in Sources */,
				84734FB91ADC07E400878D04 /* SoundManager.m in Sources */,
				84A230731AD70B810078B74C /* TextureManager.m in Sources */,
				847E623B1AA9FE7000232A75 /* main.m in Sources */,
				84882E761AE4DEC80056082F /* SettingsMenu.m in Sources */,
			);
			runOnlyForDeploymentPostprocessing = 0;
		};
		847E624F1AA9FE7000232A75 /* Sources */ = {
			isa = PBXSourcesBuildPhase;
			buildActionMask = 2147483647;
			files = (
				847E625A1AA9FE7000232A75 /* PoolTests.m in Sources */,
			);
			runOnlyForDeploymentPostprocessing = 0;
		};
/* End PBXSourcesBuildPhase section */

/* Begin PBXTargetDependency section */
		847E62551AA9FE7000232A75 /* PBXTargetDependency */ = {
			isa = PBXTargetDependency;
			target = 847E62341AA9FE7000232A75 /* Pool */;
			targetProxy = 847E62541AA9FE7000232A75 /* PBXContainerItemProxy */;
		};
/* End PBXTargetDependency section */

/* Begin PBXVariantGroup section */
		847E62471AA9FE7000232A75 /* Main.storyboard */ = {
			isa = PBXVariantGroup;
			children = (
				847E62481AA9FE7000232A75 /* Base */,
			);
			name = Main.storyboard;
			sourceTree = "<group>";
		};
		847E624C1AA9FE7000232A75 /* LaunchScreen.xib */ = {
			isa = PBXVariantGroup;
			children = (
				847E624D1AA9FE7000232A75 /* Base */,
			);
			name = LaunchScreen.xib;
			sourceTree = "<group>";
		};
/* End PBXVariantGroup section */

/* Begin XCBuildConfiguration section */
		847E625B1AA9FE7000232A75 /* Debug */ = {
			isa = XCBuildConfiguration;
			buildSettings = {
				ALWAYS_SEARCH_USER_PATHS = NO;
				CLANG_CXX_LANGUAGE_STANDARD = "gnu++0x";
				CLANG_CXX_LIBRARY = "libc++";
				CLANG_ENABLE_MODULES = YES;
				CLANG_ENABLE_OBJC_ARC = YES;
				CLANG_WARN_BOOL_CONVERSION = YES;
				CLANG_WARN_CONSTANT_CONVERSION = YES;
				CLANG_WARN_DIRECT_OBJC_ISA_USAGE = YES_ERROR;
				CLANG_WARN_EMPTY_BODY = YES;
				CLANG_WARN_ENUM_CONVERSION = YES;
				CLANG_WARN_INT_CONVERSION = YES;
				CLANG_WARN_OBJC_ROOT_CLASS = YES_ERROR;
				CLANG_WARN_UNREACHABLE_CODE = YES;
				CLANG_WARN__DUPLICATE_METHOD_MATCH = YES;
				"CODE_SIGN_IDENTITY[sdk=iphoneos*]" = "iPhone Developer";
				COPY_PHASE_STRIP = NO;
				ENABLE_STRICT_OBJC_MSGSEND = YES;
				GCC_C_LANGUAGE_STANDARD = gnu99;
				GCC_DYNAMIC_NO_PIC = NO;
				GCC_OPTIMIZATION_LEVEL = 0;
				GCC_PREPROCESSOR_DEFINITIONS = (
					"DEBUG=1",
					"$(inherited)",
				);
				GCC_SYMBOLS_PRIVATE_EXTERN = NO;
				GCC_WARN_64_TO_32_BIT_CONVERSION = YES;
				GCC_WARN_ABOUT_RETURN_TYPE = YES_ERROR;
				GCC_WARN_UNDECLARED_SELECTOR = YES;
				GCC_WARN_UNINITIALIZED_AUTOS = YES_AGGRESSIVE;
				GCC_WARN_UNUSED_FUNCTION = YES;
				GCC_WARN_UNUSED_VARIABLE = YES;
				IPHONEOS_DEPLOYMENT_TARGET = 8.2;
				MTL_ENABLE_DEBUG_INFO = YES;
				ONLY_ACTIVE_ARCH = YES;
				SDKROOT = iphoneos;
			};
			name = Debug;
		};
		847E625C1AA9FE7000232A75 /* Release */ = {
			isa = XCBuildConfiguration;
			buildSettings = {
				ALWAYS_SEARCH_USER_PATHS = NO;
				CLANG_CXX_LANGUAGE_STANDARD = "gnu++0x";
				CLANG_CXX_LIBRARY = "libc++";
				CLANG_ENABLE_MODULES = YES;
				CLANG_ENABLE_OBJC_ARC = YES;
				CLANG_WARN_BOOL_CONVERSION = YES;
				CLANG_WARN_CONSTANT_CONVERSION = YES;
				CLANG_WARN_DIRECT_OBJC_ISA_USAGE = YES_ERROR;
				CLANG_WARN_EMPTY_BODY = YES;
				CLANG_WARN_ENUM_CONVERSION = YES;
				CLANG_WARN_INT_CONVERSION = YES;
				CLANG_WARN_OBJC_ROOT_CLASS = YES_ERROR;
				CLANG_WARN_UNREACHABLE_CODE = YES;
				CLANG_WARN__DUPLICATE_METHOD_MATCH = YES;
				"CODE_SIGN_IDENTITY[sdk=iphoneos*]" = "iPhone Developer";
				COPY_PHASE_STRIP = YES;
				ENABLE_NS_ASSERTIONS = NO;
				ENABLE_STRICT_OBJC_MSGSEND = YES;
				GCC_C_LANGUAGE_STANDARD = gnu99;
				GCC_WARN_64_TO_32_BIT_CONVERSION = YES;
				GCC_WARN_ABOUT_RETURN_TYPE = YES_ERROR;
				GCC_WARN_UNDECLARED_SELECTOR = YES;
				GCC_WARN_UNINITIALIZED_AUTOS = YES_AGGRESSIVE;
				GCC_WARN_UNUSED_FUNCTION = YES;
				GCC_WARN_UNUSED_VARIABLE = YES;
				IPHONEOS_DEPLOYMENT_TARGET = 8.2;
				MTL_ENABLE_DEBUG_INFO = NO;
				SDKROOT = iphoneos;
				VALIDATE_PRODUCT = YES;
			};
			name = Release;
		};
		847E625E1AA9FE7000232A75 /* Debug */ = {
			isa = XCBuildConfiguration;
			buildSettings = {
				ASSETCATALOG_COMPILER_APPICON_NAME = AppIcon;
				INFOPLIST_FILE = Pool/Info.plist;
				IPHONEOS_DEPLOYMENT_TARGET = 8.2;
				LD_RUNPATH_SEARCH_PATHS = "$(inherited) @executable_path/Frameworks";
				PRODUCT_NAME = "$(TARGET_NAME)";
			};
			name = Debug;
		};
		847E625F1AA9FE7000232A75 /* Release */ = {
			isa = XCBuildConfiguration;
			buildSettings = {
				ASSETCATALOG_COMPILER_APPICON_NAME = AppIcon;
				INFOPLIST_FILE = Pool/Info.plist;
				IPHONEOS_DEPLOYMENT_TARGET = 8.2;
				LD_RUNPATH_SEARCH_PATHS = "$(inherited) @executable_path/Frameworks";
				PRODUCT_NAME = "$(TARGET_NAME)";
			};
			name = Release;
		};
		847E62611AA9FE7000232A75 /* Debug */ = {
			isa = XCBuildConfiguration;
			buildSettings = {
				BUNDLE_LOADER = "$(TEST_HOST)";
				FRAMEWORK_SEARCH_PATHS = (
					"$(SDKROOT)/Developer/Library/Frameworks",
					"$(inherited)",
				);
				GCC_PREPROCESSOR_DEFINITIONS = (
					"DEBUG=1",
					"$(inherited)",
				);
				INFOPLIST_FILE = PoolTests/Info.plist;
				LD_RUNPATH_SEARCH_PATHS = "$(inherited) @executable_path/Frameworks @loader_path/Frameworks";
				PRODUCT_NAME = "$(TARGET_NAME)";
				TEST_HOST = "$(BUILT_PRODUCTS_DIR)/Pool.app/Pool";
			};
			name = Debug;
		};
		847E62621AA9FE7000232A75 /* Release */ = {
			isa = XCBuildConfiguration;
			buildSettings = {
				BUNDLE_LOADER = "$(TEST_HOST)";
				FRAMEWORK_SEARCH_PATHS = (
					"$(SDKROOT)/Developer/Library/Frameworks",
					"$(inherited)",
				);
				INFOPLIST_FILE = PoolTests/Info.plist;
				LD_RUNPATH_SEARCH_PATHS = "$(inherited) @executable_path/Frameworks @loader_path/Frameworks";
				PRODUCT_NAME = "$(TARGET_NAME)";
				TEST_HOST = "$(BUILT_PRODUCTS_DIR)/Pool.app/Pool";
			};
			name = Release;
		};
/* End XCBuildConfiguration section */

/* Begin XCConfigurationList section */
		847E62301AA9FE7000232A75 /* Build configuration list for PBXProject "Pool" */ = {
			isa = XCConfigurationList;
			buildConfigurations = (
				847E625B1AA9FE7000232A75 /* Debug */,
				847E625C1AA9FE7000232A75 /* Release */,
			);
			defaultConfigurationIsVisible = 0;
			defaultConfigurationName = Release;
		};
		847E625D1AA9FE7000232A75 /* Build configuration list for PBXNativeTarget "Pool" */ = {
			isa = XCConfigurationList;
			buildConfigurations = (
				847E625E1AA9FE7000232A75 /* Debug */,
				847E625F1AA9FE7000232A75 /* Release */,
			);
			defaultConfigurationIsVisible = 0;
			defaultConfigurationName = Release;
		};
		847E62601AA9FE7000232A75 /* Build configuration list for PBXNativeTarget "PoolTests" */ = {
			isa = XCConfigurationList;
			buildConfigurations = (
				847E62611AA9FE7000232A75 /* Debug */,
				847E62621AA9FE7000232A75 /* Release */,
			);
			defaultConfigurationIsVisible = 0;
			defaultConfigurationName = Release;
		};
/* End XCConfigurationList section */
	};
	rootObject = 847E622D1AA9FE7000232A75 /* Project object */;
}
